
Microsoft Visual Studio Solution File, Format Version 12.00
# Visual Studio Version 16
VisualStudioVersion = 16.0.31605.320
MinimumVisualStudioVersion = 10.0.40219.1
Project("{9A19103F-16F7-4668-BE54-9A1E7A4F7556}") = "ConsoleApp", "ConsoleApp\ConsoleApp.csproj", "{85B66EF4-3E04-48EB-8A1C-3B6292D1F87A}"
EndProject
Project("{9A19103F-16F7-4668-BE54-9A1E7A4F7556}") = "PlugInFramework.Shared", "PluginManager.Shared\PlugInFramework.Shared.csproj", "{2C895135-8EAB-4416-B26C-F299AAD6D888}"
EndProject
Project("{9A19103F-16F7-4668-BE54-9A1E7A4F7556}") = "PlugInExports", "PlugInExports\PlugInExports.csproj", "{C1E89728-E388-4328-8A92-A0F38872C410}"
EndProject
Project("{9A19103F-16F7-4668-BE54-9A1E7A4F7556}") = "PlugInImports", "PlugInImports\PlugInImports.csproj", "{96881D54-091E-4356-8A12-0CB6D5B6EBD2}"
EndProject
Project("{9A19103F-16F7-4668-BE54-9A1E7A4F7556}") = "PlugInJson", "PlugInJson\PlugInJson.csproj", "{B0913271-1F94-41FC-B993-DEC3D3DCDF10}"
EndProject
Project("{FAE04EC0-301F-11D3-BF4B-00C04F79EFBC}") = "PlugInFramework", "..\PlugInFramework\PlugInFramework.csproj", "{7A38920B-14A5-4469-8CA1-EE71184BBCF2}"
EndProject
Global
	GlobalSection(SolutionConfigurationPlatforms) = preSolution
		Debug|Any CPU = Debug|Any CPU
		Release|Any CPU = Release|Any CPU
	EndGlobalSection
	GlobalSection(ProjectConfigurationPlatforms) = postSolution
		{85B66EF4-3E04-48EB-8A1C-3B6292D1F87A}.Debug|Any CPU.ActiveCfg = Debug|Any CPU
		{85B66EF4-3E04-48EB-8A1C-3B6292D1F87A}.Debug|Any CPU.Build.0 = Debug|Any CPU
		{85B66EF4-3E04-48EB-8A1C-3B6292D1F87A}.Release|Any CPU.ActiveCfg = Release|Any CPU
		{85B66EF4-3E04-48EB-8A1C-3B6292D1F87A}.Release|Any CPU.Build.0 = Release|Any CPU
		{2C895135-8EAB-4416-B26C-F299AAD6D888}.Debug|Any CPU.ActiveCfg = Debug|Any CPU
		{2C895135-8EAB-4416-B26C-F299AAD6D888}.Debug|Any CPU.Build.0 = Debug|Any CPU
		{2C895135-8EAB-4416-B26C-F299AAD6D888}.Release|Any CPU.ActiveCfg = Release|Any CPU
		{2C895135-8EAB-4416-B26C-F299AAD6D888}.Release|Any CPU.Build.0 = Release|Any CPU
		{C1E89728-E388-4328-8A92-A0F38872C410}.Debug|Any CPU.ActiveCfg = Debug|Any CPU
		{C1E89728-E388-4328-8A92-A0F38872C410}.Debug|Any CPU.Build.0 = Debug|Any CPU
		{C1E89728-E388-4328-8A92-A0F38872C410}.Release|Any CPU.ActiveCfg = Release|Any CPU
		{C1E89728-E388-4328-8A92-A0F38872C410}.Release|Any CPU.Build.0 = Release|Any CPU
		{96881D54-091E-4356-8A12-0CB6D5B6EBD2}.Debug|Any CPU.ActiveCfg = Debug|Any CPU
		{96881D54-091E-4356-8A12-0CB6D5B6EBD2}.Debug|Any CPU.Build.0 = Debug|Any CPU
		{96881D54-091E-4356-8A12-0CB6D5B6EBD2}.Release|Any CPU.ActiveCfg = Release|Any CPU
		{96881D54-091E-4356-8A12-0CB6D5B6EBD2}.Release|Any CPU.Build.0 = Release|Any CPU
		{B0913271-1F94-41FC-B993-DEC3D3DCDF10}.Debug|Any CPU.ActiveCfg = Debug|Any CPU
		{B0913271-1F94-41FC-B993-DEC3D3DCDF10}.Debug|Any CPU.Build.0 = Debug|Any CPU
		{B0913271-1F94-41FC-B993-DEC3D3DCDF10}.Release|Any CPU.ActiveCfg = Release|Any CPU
		{B0913271-1F94-41FC-B993-DEC3D3DCDF10}.Release|Any CPU.Build.0 = Release|Any CPU
		{7A38920B-14A5-4469-8CA1-EE71184BBCF2}.Debug|Any CPU.ActiveCfg = Debug|Any CPU
		{7A38920B-14A5-4469-8CA1-EE71184BBCF2}.Debug|Any CPU.Build.0 = Debug|Any CPU
		{7A38920B-14A5-4469-8CA1-EE71184BBCF2}.Release|Any CPU.ActiveCfg = Release|Any CPU
		{7A38920B-14A5-4469-8CA1-EE71184BBCF2}.Release|Any CPU.Build.0 = Release|Any CPU
	EndGlobalSection
	GlobalSection(SolutionProperties) = preSolution
		HideSolutionNode = FALSE
	EndGlobalSection
	GlobalSection(ExtensibilityGlobals) = postSolution
		SolutionGuid = {24EFF090-FB56-48EF-A8AA-9381A2E22B87}
	EndGlobalSection
EndGlobal
